
Microsoft Visual Studio Solution File, Format Version 12.00
# Visual Studio Version 17
VisualStudioVersion = 17.10.35004.147
MinimumVisualStudioVersion = 10.0.40219.1
Project("{9A19103F-16F7-4668-BE54-9A1E7A4F7556}") = "Wallet", "Wallet.csproj", "{5A8F35F8-4FC6-4ACB-A28E-FF3C23016B00}"
EndProject
Global
	GlobalSection(SolutionConfigurationPlatforms) = preSolution
		Debug|Any CPU = Debug|Any CPU
		Release|Any CPU = Release|Any CPU
	EndGlobalSection
	GlobalSection(ProjectConfigurationPlatforms) = postSolution
		{5A8F35F8-4FC6-4ACB-A28E-FF3C23016B00}.Debug|Any CPU.ActiveCfg = Debug|Any CPU
		{5A8F35F8-4FC6-4ACB-A28E-FF3C23016B00}.Debug|Any CPU.Build.0 = Debug|Any CPU
		{5A8F35F8-4FC6-4ACB-A28E-FF3C23016B00}.Release|Any CPU.ActiveCfg = Release|Any CPU
		{5A8F35F8-4FC6-4ACB-A28E-FF3C23016B00}.Release|Any CPU.Build.0 = Release|Any CPU
	EndGlobalSection
	GlobalSection(SolutionProperties) = preSolution
		HideSolutionNode = FALSE
	EndGlobalSection
	GlobalSection(ExtensibilityGlobals) = postSolution
		SolutionGuid = {E6207E60-74AC-49A2-9FDA-1816D633F01F}
	EndGlobalSection
EndGlobal
